{
  "name": "@nutzy/schema",
  "version": "2.1.0",
  "lockfileVersion": 3,
  "requires": true,
  "packages": {
    "": {
      "name": "@nutzy/schema",
      "version": "2.1.0",
      "license": "MIT",
      "dependencies": {
        "@nutzy/schema": "^2.0.0"
      },
      "devDependencies": {
        "typescript": "^5.4.0",
        "zod": "^4.0.0"
      },
      "peerDependencies": {
        "zod": ">=3.25"
      }
    },
    "node_modules/@nutzy/schema": {
      "version": "2.0.0",
      "resolved": "https://registry.npmjs.org/@nutzy/schema/-/schema-2.0.0.tgz",
      "integrity": "sha512-oyIDMBFYSxD3OY6MP7aqMhP6r1zGMoRFt9T/8BSsbi4YymGwmFHIunZke0QjQF0d6MkftEByyZlCw3Z2sSFSVQ==",
      "license": "MIT",
      "peerDependencies": {
        "zod": ">=3.25"
      }
    },
    "node_modules/typescript": {
      "version": "5.9.3",
      "resolved": "https://registry.npmjs.org/typescript/-/typescript-5.9.3.tgz",
      "integrity": "sha512-jl1vZzPDinLr9eUt3J/t7V6FgNEw9QjvBPdysz9KfQDD41fQrC2Y4vKQdiaUpFT4bXlb1RHhLpp8wtm6M5TgSw==",
      "dev": true,
      "license": "Apache-2.0",
      "bin": {
        "tsc": "bin/tsc",
        "tsserver": "bin/tsserver"
      },
      "engines": {
        "node": ">=14.17"
      }
    },
    "node_modules/zod": {
      "version": "4.4.3",
      "resolved": "https://registry.npmjs.org/zod/-/zod-4.4.3.tgz",
      "integrity": "sha512-ytENFjIJFl2UwYglde2jchW2Hwm4GJFLDiSXWdTrJQBIN9Fcyp7n4DhxJEiWNAJMV1/BqWfW/kkg71UDcHJyTQ==",
      "license": "MIT",
      "funding": {
        "url": "https://github.com/sponsors/colinhacks"
      }
    }
  }
}
